css 2026.2.23 0423be5a7bb1cf062fe6f0b6165c4804462211df7fc9d64126e0e1312ae32f41
str 2026.2.22.8736 fce93be26e5ad215084030229faf204ee3dadee7353392140bc2f8c090d1ad34
builder 2026.2.22.8742 bed8da465f15845dd434c7fbb32f0c9a089dcf50251410328d3254149ee82d23
arith 2026.2.22.81778 1afdd9deea3c0bbfee4aec2c3968bb30ee50830a60f5442590010223791ef4b7
array 2026.2.22.11658 b6ccf03f235d5a079653dcdd91f5228515d01fb3d5ca10b04c4a3cba5c26169e
